// !$*UTF8*$!
{
	archiveVersion = 1;
	classes = {
	};
	objectVersion = 50;
	objects = {

/* Begin PBXBuildFile section */
		143E52CB23E1D2A3006DE19B /* AppDelegate.swift in Sources */ = {isa = PBXBuildFile; fileRef = 143E52CA23E1D2A3006DE19B /* AppDelegate.swift */; };
		143E52CD23E1D2A3006DE19B /* SceneDelegate.swift in Sources */ = {isa = PBXBuildFile; fileRef = 143E52CC23E1D2A3006DE19B /* SceneDelegate.swift */; };
		143E52CF23E1D2A3006DE19B /* ViewController.swift in Sources */ = {isa = PBXBuildFile; fileRef = 143E52CE23E1D2A3006DE19B /* ViewController.swift */; };
		143E52D223E1D2A3006DE19B /* Main.storyboard in Resources */ = {isa = PBXBuildFile; fileRef = 143E52D023E1D2A3006DE19B /* Main.storyboard */; };
		143E52D423E1D2A5006DE19B /* Assets.xcassets in Resources */ = {isa = PBXBuildFile; fileRef = 143E52D323E1D2A5006DE19B /* Assets.xcassets */; };
		143E52D723E1D2A5006DE19B /* LaunchScreen.storyboard in Resources */ = {isa = PBXBuildFile; fileRef = 143E52D523E1D2A5006DE19B /* LaunchScreen.storyboard */; };
/* End PBXBuildFile section */

/* Begin PBXFileReference section */
		143E52C723E1D2A3006DE19B /* FindYouColor.app */ = {isa = PBXFileReference; explicitFileType = wrapper.application; includeInIndex = 0; path = FindYouColor.app; sourceTree = BUILT_PRODUCTS_DIR; };
		143E52CA23E1D2A3006DE19B /* AppDelegate.swift */ = {isa = PBXFileReference; lastKnownFileType = sourcecode.swift; path = AppDelegate.swift; sourceTree = "<group>"; };
		143E52CC23E1D2A3006DE19B /* SceneDelegate.swift */ = {isa = PBXFileReference; lastKnownFileType = sourcecode.swift; path = SceneDelegate.swift; sourceTree = "<group>"; };
		143E52CE23E1D2A3006DE19B /* ViewController.swift */ = {isa = PBXFileReference; lastKnownFileType = sourcecode.swift; path = ViewController.swift; sourceTree = "<group>"; };
		143E52D123E1D2A3006DE19B /* Base */ = {isa = PBXFileReference; lastKnownFileType = file.storyboard; name = Base; path = Base.lproj/Main.storyboard; sourceTree = "<group>"; };
		143E52D323E1D2A5006DE19B /* Assets.xcassets */ = {isa = PBXFileReference; lastKnownFileType = folder.assetcatalog; path = Assets.xcassets; sourceTree = "<group>"; };
		143E52D623E1D2A5006DE19B /* Base */ = {isa = PBXFileReference; lastKnownFileType = file.storyboard; name = Base; path = Base.lproj/LaunchScreen.storyboard; sourceTree = "<group>"; };
		143E52D823E1D2A5006DE19B /* Info.plist */ = {isa = PBXFileReference; lastKnownFileType = text.plist.xml; path = Info.plist; sourceTree = "<group>"; };
/* End PBXFileReference section */

/* Begin PBXFrameworksBuildPhase section */
		143E52C423E1D2A3006DE19B /* Frameworks */ = {
			isa = PBXFrameworksBuildPhase;
			buildActionMask = 2147483647;
			files = (
			);
			runOnlyForDeploymentPostprocessing = 0;
		};
/* End PBXFrameworksBuildPhase section */

/* Begin PBXGroup section */
		143E52BE23E1D2A3006DE19B = {
			isa = PBXGroup;
			children = (
				143E52C923E1D2A3006DE19B /* FindYouColor */,
				143E52C823E1D2A3006DE19B /* Products */,
			);
			sourceTree = "<group>";
		};
		143E52C823E1D2A3006DE19B /* Products */ = {
			isa = PBXGroup;
			children = (
				143E52C723E1D2A3006DE19B /* FindYouColor.app */,
			);
			name = Products;
			sourceTree = "<group>";
		};
		143E52C923E1D2A3006DE19B /* FindYouColor */ = {
			isa = PBXGroup;
			children = (
				143E52CA23E1D2A3006DE19B /* AppDelegate.swift */,
				143E52CC23E1D2A3006DE19B /* SceneDelegate.swift */,
				143E52CE23E1D2A3006DE19B /* ViewController.swift */,
				143E52D023E1D2A3006DE19B /* Main.storyboard */,
				143E52D323E1D2A5006DE19B /* Assets.xcassets */,
				143E52D523E1D2A5006DE19B /* LaunchScreen.storyboard */,
				143E52D823E1D2A5006DE19B /* Info.plist */,
			);
			path = FindYouColor;
			sourceTree = "<group>";
		};
/* End PBXGroup section */

/* Begin PBXNativeTarget section */
		143E52C623E1D2A3006DE19B /* FindYouColor */ = {
			isa = PBXNativeTarget;
			buildConfigurationList = 143E52DB23E1D2A5006DE19B /* Build configuration list for PBXNativeTarget "FindYouColor" */;
			buildPhases = (
				143E52C323E1D2A3006DE19B /* Sources */,
				143E52C423E1D2A3006DE19B /* Frameworks */,
				143E52C523E1D2A3006DE19B /* Resources */,
			);
			buildRules = (
			);
			dependencies = (
			);
			name = FindYouColor;
			productName = FindYouColor;
			productReference = 143E52C723E1D2A3006DE19B /* FindYouColor.app */;
			productType = "com.apple.product-type.application";
		};
/* End PBXNativeTarget section */

/* Begin PBXProject section */
		143E52BF23E1D2A3006DE19B /* Project object */ = {
			isa = PBXProject;
			attributes = {
				LastSwiftUpdateCheck = 1130;
				LastUpgradeCheck = 1130;
				ORGANIZATIONNAME = "畑洋樹";
				TargetAttributes = {
					143E52C623E1D2A3006DE19B = {
						CreatedOnToolsVersion = 11.3.1;
					};
				};
			};
			buildConfigurationList = 143E52C223E1D2A3006DE19B /* Build configuration list for PBXProject "FindYouColor" */;
			compatibilityVersion = "Xcode 9.3";
			developmentRegion = en;
			hasScannedForEncodings = 0;
			knownRegions = (
				en,
				Base,
			);
			mainGroup = 143E52BE23E1D2A3006DE19B;
			productRefGroup = 143E52C823E1D2A3006DE19B /* Products */;
			projectDirPath = "";
			projectRoot = "";
			targets = (
				143E52C623E1D2A3006DE19B /* FindYouColor */,
			);
		};
/* End PBXProject section */

/* Begin PBXResourcesBuildPhase section */
		143E52C523E1D2A3006DE19B /* Resources */ = {
			isa = PBXResourcesBuildPhase;
			buildActionMask = 2147483647;
			files = (
				143E52D723E1D2A5006DE19B /* LaunchScreen.storyboard in Resources */,
				143E52D423E1D2A5006DE19B /* Assets.xcassets in Resources */,
				143E52D223E1D2A3006DE19B /* Main.storyboard in Resources */,
			);
			runOnlyForDeploymentPostprocessing = 0;
		};
/* End PBXResourcesBuildPhase section */

/* Begin PBXSourcesBuildPhase section */
		143E52C323E1D2A3006DE19B /* Sources */ = {
			isa = PBXSourcesBuildPhase;
			buildActionMask = 2147483647;
			files = (
				143E52CF23E1D2A3006DE19B /* ViewController.swift in Sources */,
				143E52CB23E1D2A3006DE19B /* AppDelegate.swift in Sources */,
				143E52CD23E1D2A3006DE19B /* SceneDelegate.swift in Sources */,
			);
			runOnlyForDeploymentPostprocessing = 0;
		};
/* End PBXSourcesBuildPhase section */

/* Begin PBXVariantGroup section */
		143E52D023E1D2A3006DE19B /* Main.storyboard */ = {
			isa = PBXVariantGroup;
			children = (
				143E52D123E1D2A3006DE19B /* Base */,
			);
			name = Main.storyboard;
			sourceTree = "<group>";
		};
		143E52D523E1D2A5006DE19B /* LaunchScreen.storyboard */ = {
			isa = PBXVariantGroup;
			children = (
				143E52D623E1D2A5006DE19B /* Base */,
			);
			name = LaunchScreen.storyboard;
			sourceTree = "<group>";
		};
/* End PBXVariantGroup section */

/* Begin XCBuildConfiguration section */
		143E52D923E1D2A5006DE19B /* Debug */ = {
			isa = XCBuildConfiguration;
			buildSettings = {
				ALWAYS_SEARCH_USER_PATHS = NO;
				CLANG_ANALYZER_NONNULL = YES;
				CLANG_ANALYZER_NUMBER_OBJECT_CONVERSION = YES_AGGRESSIVE;
				CLANG_CXX_LANGUAGE_STANDARD = "gnu++14";
				CLANG_CXX_LIBRARY = "libc++";
				CLANG_ENABLE_MODULES = YES;
				CLANG_ENABLE_OBJC_ARC = YES;
				CLANG_ENABLE_OBJC_WEAK = YES;
				CLANG_WARN_BLOCK_CAPTURE_AUTORELEASING = YES;
				CLANG_WARN_BOOL_CONVERSION = YES;
				CLANG_WARN_COMMA = YES;
				CLANG_WARN_CONSTANT_CONVERSION = YES;
				CLANG_WARN_DEPRECATED_OBJC_IMPLEMENTATIONS = YES;
				CLANG_WARN_DIRECT_OBJC_ISA_USAGE = YES_ERROR;
				CLANG_WARN_DOCUMENTATION_COMMENTS = YES;
				CLANG_WARN_EMPTY_BODY = YES;
				CLANG_WARN_ENUM_CONVERSION = YES;
				CLANG_WARN_INFINITE_RECURSION = YES;
				CLANG_WARN_INT_CONVERSION = YES;
				CLANG_WARN_NON_LITERAL_NULL_CONVERSION = YES;
				CLANG_WARN_OBJC_IMPLICIT_RETAIN_SELF = YES;
				CLANG_WARN_OBJC_LITERAL_CONVERSION = YES;
				CLANG_WARN_OBJC_ROOT_CLASS = YES_ERROR;
				CLANG_WARN_RANGE_LOOP_ANALYSIS = YES;
				CLANG_WARN_STRICT_PROTOTYPES = YES;
				CLANG_WARN_SUSPICIOUS_MOVE = YES;
				CLANG_WARN_UNGUARDED_AVAILABILITY = YES_AGGRESSIVE;
				CLANG_WARN_UNREACHABLE_CODE = YES;
				CLANG_WARN__DUPLICATE_METHOD_MATCH = YES;
				COPY_PHASE_STRIP = NO;
				DEBUG_INFORMATION_FORMAT = dwarf;
				ENABLE_STRICT_OBJC_MSGSEND = YES;
				ENABLE_TESTABILITY = YES;
				GCC_C_LANGUAGE_STANDARD = gnu11;
				GCC_DYNAMIC_NO_PIC = NO;
				GCC_NO_COMMON_BLOCKS = YES;
				GCC_OPTIMIZATION_LEVEL = 0;
				GCC_PREPROCESSOR_DEFINITIONS = (
					"DEBUG=1",
					"$(inherited)",
				);
				GCC_WARN_64_TO_32_BIT_CONVERSION = YES;
				GCC_WARN_ABOUT_RETURN_TYPE = YES_ERROR;
				GCC_WARN_UNDECLARED_SELECTOR = YES;
				GCC_WARN_UNINITIALIZED_AUTOS = YES_AGGRESSIVE;
				GCC_WARN_UNUSED_FUNCTION = YES;
				GCC_WARN_UNUSED_VARIABLE = YES;
				IPHONEOS_DEPLOYMENT_TARGET = 13.2;
				MTL_ENABLE_DEBUG_INFO = INCLUDE_SOURCE;
				MTL_FAST_MATH = YES;
				ONLY_ACTIVE_ARCH = YES;
				SDKROOT = iphoneos;
				SWIFT_ACTIVE_COMPILATION_CONDITIONS = DEBUG;
				SWIFT_OPTIMIZATION_LEVEL = "-Onone";
			};
			name = Debug;
		};
		143E52DA23E1D2A5006DE19B /* Release */ = {
			isa = XCBuildConfiguration;
			buildSettings = {
				ALWAYS_SEARCH_USER_PATHS = NO;
				CLANG_ANALYZER_NONNULL = YES;
				CLANG_ANALYZER_NUMBER_OBJECT_CONVERSION = YES_AGGRESSIVE;
				CLANG_CXX_LANGUAGE_STANDARD = "gnu++14";
				CLANG_CXX_LIBRARY = "libc++";
				CLANG_ENABLE_MODULES = YES;
				CLANG_ENABLE_OBJC_ARC = YES;
				CLANG_ENABLE_OBJC_WEAK = YES;
				CLANG_WARN_BLOCK_CAPTURE_AUTORELEASING = YES;
				CLANG_WARN_BOOL_CONVERSION = YES;
				CLANG_WARN_COMMA = YES;
				CLANG_WARN_CONSTANT_CONVERSION = YES;
				CLANG_WARN_DEPRECATED_OBJC_IMPLEMENTATIONS = YES;
				CLANG_WARN_DIRECT_OBJC_ISA_USAGE = YES_ERROR;
				CLANG_WARN_DOCUMENTATION_COMMENTS = YES;
				CLANG_WARN_EMPTY_BODY = YES;
				CLANG_WARN_ENUM_CONVERSION = YES;
				CLANG_WARN_INFINITE_RECURSION = YES;
				CLANG_WARN_INT_CONVERSION = YES;
				CLANG_WARN_NON_LITERAL_NULL_CONVERSION = YES;
				CLANG_WARN_OBJC_IMPLICIT_RETAIN_SELF = YES;
				CLANG_WARN_OBJC_LITERAL_CONVERSION = YES;
				CLANG_WARN_OBJC_ROOT_CLASS = YES_ERROR;
				CLANG_WARN_RANGE_LOOP_ANALYSIS = YES;
				CLANG_WARN_STRICT_PROTOTYPES = YES;
				CLANG_WARN_SUSPICIOUS_MOVE = YES;
				CLANG_WARN_UNGUARDED_AVAILABILITY = YES_AGGRESSIVE;
				CLANG_WARN_UNREACHABLE_CODE = YES;
				CLANG_WARN__DUPLICATE_METHOD_MATCH = YES;
				COPY_PHASE_STRIP = NO;
				DEBUG_INFORMATION_FORMAT = "dwarf-with-dsym";
				ENABLE_NS_ASSERTIONS = NO;
				ENABLE_STRICT_OBJC_MSGSEND = YES;
				GCC_C_LANGUAGE_STANDARD = gnu11;
				GCC_NO_COMMON_BLOCKS = YES;
				GCC_WARN_64_TO_32_BIT_CONVERSION = YES;
				GCC_WARN_ABOUT_RETURN_TYPE = YES_ERROR;
				GCC_WARN_UNDECLARED_SELECTOR = YES;
				GCC_WARN_UNINITIALIZED_AUTOS = YES_AGGRESSIVE;
				GCC_WARN_UNUSED_FUNCTION = YES;
				GCC_WARN_UNUSED_VARIABLE = YES;
				IPHONEOS_DEPLOYMENT_TARGET = 13.2;
				MTL_ENABLE_DEBUG_INFO = NO;
				MTL_FAST_MATH = YES;
				SDKROOT = iphoneos;
				SWIFT_COMPILATION_MODE = wholemodule;
				SWIFT_OPTIMIZATION_LEVEL = "-O";
				VALIDATE_PRODUCT = YES;
			};
			name = Release;
		};
		143E52DC23E1D2A5006DE19B /* Debug */ = {
			isa = XCBuildConfiguration;
			buildSettings = {
				ASSETCATALOG_COMPILER_APPICON_NAME = AppIcon;
				CODE_SIGN_STYLE = Automatic;
				DEVELOPMENT_TEAM = ULG63NQVWZ;
				INFOPLIST_FILE = FindYouColor/Info.plist;
				LD_RUNPATH_SEARCH_PATHS = (
					"$(inherited)",
					"@executable_path/Frameworks",
				);
				PRODUCT_BUNDLE_IDENTIFIER = jp.calcultor.FindYouColor;
				PRODUCT_NAME = "$(TARGET_NAME)";
				SWIFT_VERSION = 5.0;
				TARGETED_DEVICE_FAMILY = "1,2";
			};
			name = Debug;
		};
		143E52DD23E1D2A5006DE19B /* Release */ = {
			isa = XCBuildConfiguration;
			buildSettings = {
				ASSETCATALOG_COMPILER_APPICON_NAME = AppIcon;
				CODE_SIGN_STYLE = Automatic;
				DEVELOPMENT_TEAM = ULG63NQVWZ;
				INFOPLIST_FILE = FindYouColor/Info.plist;
				LD_RUNPATH_SEARCH_PATHS = (
					"$(inherited)",
					"@executable_path/Frameworks",
				);
				PRODUCT_BUNDLE_IDENTIFIER = jp.calcultor.FindYouColor;
				PRODUCT_NAME = "$(TARGET_NAME)";
				SWIFT_VERSION = 5.0;
				TARGETED_DEVICE_FAMILY = "1,2";
			};
			name = Release;
		};
/* End XCBuildConfiguration section */

/* Begin XCConfigurationList section */
		143E52C223E1D2A3006DE19B /* Build configuration list for PBXProject "FindYouColor" */ = {
			isa = XCConfigurationList;
			buildConfigurations = (
				143E52D923E1D2A5006DE19B /* Debug */,
				143E52DA23E1D2A5006DE19B /* Release */,
			);
			defaultConfigurationIsVisible = 0;
			defaultConfigurationName = Release;
		};
		143E52DB23E1D2A5006DE19B /* Build configuration list for PBXNativeTarget "FindYouColor" */ = {
			isa = XCConfigurationList;
			buildConfigurations = (
				143E52DC23E1D2A5006DE19B /* Debug */,
				143E52DD23E1D2A5006DE19B /* Release */,
			);
			defaultConfigurationIsVisible = 0;
			defaultConfigurationName = Release;
		};
/* End XCConfigurationList section */
	};
	rootObject = 143E52BF23E1D2A3006DE19B /* Project object */;
}
